
Microsoft Visual Studio Solution File, Format Version 12.00
# Visual Studio Version 16
VisualStudioVersion = 25.0.1700.7
MinimumVisualStudioVersion = 10.0.40219.1
Project("{FAE04EC0-301F-11D3-BF4B-00C04F79EFBC}") = "CSharpMortgageCalc", "CSharpMortgageCalc\CSharpMortgageCalc.csproj", "{82D6FC57-80AB-42EA-8092-46E89D783498}"
EndProject
Global
	GlobalSection(SolutionConfigurationPlatforms) = preSolution
		Debug|Any CPU = Debug|Any CPU
		Release|Any CPU = Release|Any CPU
	EndGlobalSection
	GlobalSection(ProjectConfigurationPlatforms) = postSolution
		{82D6FC57-80AB-42EA-8092-46E89D783498}.Debug|Any CPU.ActiveCfg = Debug|Any CPU
		{82D6FC57-80AB-42EA-8092-46E89D783498}.Debug|Any CPU.Build.0 = Debug|Any CPU
		{82D6FC57-80AB-42EA-8092-46E89D783498}.Release|Any CPU.ActiveCfg = Release|Any CPU
		{82D6FC57-80AB-42EA-8092-46E89D783498}.Release|Any CPU.Build.0 = Release|Any CPU
	EndGlobalSection
	GlobalSection(SolutionProperties) = preSolution
		HideSolutionNode = FALSE
	EndGlobalSection
	GlobalSection(ExtensibilityGlobals) = postSolution
		SolutionGuid = {AD9F2C14-FF24-436E-8DE2-73083224BA2F}
	EndGlobalSection
EndGlobal
